
Microsoft Visual Studio Solution File, Format Version 12.00
# Visual Studio Version 16
VisualStudioVersion = 16.0.29230.47
MinimumVisualStudioVersion = 10.0.40219.1
Project("{8BC9CEB8-8B4A-11D0-8D11-00A0C91BC942}") = "Shteyman_Gil_Adhia_Parth_Lab_3_2", "Shteyman_Gil_Adhia_Parth_Lab_3_2\Shteyman_Gil_Adhia_Parth_Lab_3_2.vcxproj", "{2404BDF3-D9B7-45A3-82F2-EC220BB1B143}"
EndProject
Global
	GlobalSection(SolutionConfigurationPlatforms) = preSolution
		Debug|x64 = Debug|x64
		Debug|x86 = Debug|x86
		Release|x64 = Release|x64
		Release|x86 = Release|x86
	EndGlobalSection
	GlobalSection(ProjectConfigurationPlatforms) = postSolution
		{2404BDF3-D9B7-45A3-82F2-EC220BB1B143}.Debug|x64.ActiveCfg = Debug|x64
		{2404BDF3-D9B7-45A3-82F2-EC220BB1B143}.Debug|x64.Build.0 = Debug|x64
		{2404BDF3-D9B7-45A3-82F2-EC220BB1B143}.Debug|x86.ActiveCfg = Debug|Win32
		{2404BDF3-D9B7-45A3-82F2-EC220BB1B143}.Debug|x86.Build.0 = Debug|Win32
		{2404BDF3-D9B7-45A3-82F2-EC220BB1B143}.Release|x64.ActiveCfg = Release|x64
		{2404BDF3-D9B7-45A3-82F2-EC220BB1B143}.Release|x64.Build.0 = Release|x64
		{2404BDF3-D9B7-45A3-82F2-EC220BB1B143}.Release|x86.ActiveCfg = Release|Win32
		{2404BDF3-D9B7-45A3-82F2-EC220BB1B143}.Release|x86.Build.0 = Release|Win32
	EndGlobalSection
	GlobalSection(SolutionProperties) = preSolution
		HideSolutionNode = FALSE
	EndGlobalSection
	GlobalSection(ExtensibilityGlobals) = postSolution
		SolutionGuid = {35E251F7-5E5C-4799-BF9B-24A4821B38A1}
	EndGlobalSection
EndGlobal
